
Microsoft Visual Studio Solution File, Format Version 12.00
# Visual Studio Version 16
VisualStudioVersion = 16.0.31424.327
MinimumVisualStudioVersion = 10.0.40219.1
Project("{FAE04EC0-301F-11D3-BF4B-00C04F79EFBC}") = "consumeapi", "consumeapi\consumeapi.csproj", "{74CAEBD4-810B-48E0-B815-A5FFA15D9542}"
EndProject
Global
	GlobalSection(SolutionConfigurationPlatforms) = preSolution
		Debug|Any CPU = Debug|Any CPU
		Release|Any CPU = Release|Any CPU
	EndGlobalSection
	GlobalSection(ProjectConfigurationPlatforms) = postSolution
		{74CAEBD4-810B-48E0-B815-A5FFA15D9542}.Debug|Any CPU.ActiveCfg = Debug|Any CPU
		{74CAEBD4-810B-48E0-B815-A5FFA15D9542}.Debug|Any CPU.Build.0 = Debug|Any CPU
		{74CAEBD4-810B-48E0-B815-A5FFA15D9542}.Release|Any CPU.ActiveCfg = Release|Any CPU
		{74CAEBD4-810B-48E0-B815-A5FFA15D9542}.Release|Any CPU.Build.0 = Release|Any CPU
	EndGlobalSection
	GlobalSection(SolutionProperties) = preSolution
		HideSolutionNode = FALSE
	EndGlobalSection
	GlobalSection(ExtensibilityGlobals) = postSolution
		SolutionGuid = {24F40D60-9400-4E07-9F33-FAB0BDFC88C1}
	EndGlobalSection
EndGlobal
